
Microsoft Visual Studio Solution File, Format Version 12.00
# Visual Studio Version 16
VisualStudioVersion = 16.0.31025.194
MinimumVisualStudioVersion = 10.0.40219.1
Project("{FAE04EC0-301F-11D3-BF4B-00C04F79EFBC}") = "HW-07", "HW-07\HW-07.csproj", "{5D9CBECC-F08A-48C1-B293-1BBB1DCB69E2}"
EndProject
Global
	GlobalSection(SolutionConfigurationPlatforms) = preSolution
		Debug|Any CPU = Debug|Any CPU
		Release|Any CPU = Release|Any CPU
	EndGlobalSection
	GlobalSection(ProjectConfigurationPlatforms) = postSolution
		{5D9CBECC-F08A-48C1-B293-1BBB1DCB69E2}.Debug|Any CPU.ActiveCfg = Debug|Any CPU
		{5D9CBECC-F08A-48C1-B293-1BBB1DCB69E2}.Debug|Any CPU.Build.0 = Debug|Any CPU
		{5D9CBECC-F08A-48C1-B293-1BBB1DCB69E2}.Release|Any CPU.ActiveCfg = Release|Any CPU
		{5D9CBECC-F08A-48C1-B293-1BBB1DCB69E2}.Release|Any CPU.Build.0 = Release|Any CPU
	EndGlobalSection
	GlobalSection(SolutionProperties) = preSolution
		HideSolutionNode = FALSE
	EndGlobalSection
	GlobalSection(ExtensibilityGlobals) = postSolution
		SolutionGuid = {081E0F58-D77D-48F5-BC7D-8AD9E4C616B1}
	EndGlobalSection
EndGlobal
